// !$*UTF8*$!
{
	archiveVersion = 1;
	classes = {
	};
	objectVersion = 46;
	objects = {

/* Begin PBXBuildFile section */
		275D26661E52688500FAE334 /* BottlesOfOOPSwiftTests.swift in Sources */ = {isa = PBXBuildFile; fileRef = 275D26651E52688500FAE334 /* BottlesOfOOPSwiftTests.swift */; };
		275D26711E52693E00FAE334 /* Bottles.swift in Sources */ = {isa = PBXBuildFile; fileRef = 275D26701E52693E00FAE334 /* Bottles.swift */; };
		275D26741E52772100FAE334 /* AppDelegate.swift in Sources */ = {isa = PBXBuildFile; fileRef = 275D26721E52772100FAE334 /* AppDelegate.swift */; };
		275D26751E52772100FAE334 /* ViewController.swift in Sources */ = {isa = PBXBuildFile; fileRef = 275D26731E52772100FAE334 /* ViewController.swift */; };
		275D267C1E52774E00FAE334 /* Assets.xcassets in Resources */ = {isa = PBXBuildFile; fileRef = 275D26761E52774E00FAE334 /* Assets.xcassets */; };
		275D267D1E52774E00FAE334 /* LaunchScreen.storyboard in Resources */ = {isa = PBXBuildFile; fileRef = 275D26781E52774E00FAE334 /* LaunchScreen.storyboard */; };
		275D267E1E52774E00FAE334 /* Main.storyboard in Resources */ = {isa = PBXBuildFile; fileRef = 275D267A1E52774E00FAE334 /* Main.storyboard */; };
/* End PBXBuildFile section */

/* Begin PBXContainerItemProxy section */
		275D26621E52688500FAE334 /* PBXContainerItemProxy */ = {
			isa = PBXContainerItemProxy;
			containerPortal = 275D26451E52688500FAE334 /* Project object */;
			proxyType = 1;
			remoteGlobalIDString = 275D264C1E52688500FAE334;
			remoteInfo = BottlesOfOOPSwift;
		};
/* End PBXContainerItemProxy section */

/* Begin PBXFileReference section */
		275D264D1E52688500FAE334 /* BottlesOfOOPSwift.app */ = {isa = PBXFileReference; explicitFileType = wrapper.application; includeInIndex = 0; path = BottlesOfOOPSwift.app; sourceTree = BUILT_PRODUCTS_DIR; };
		275D265C1E52688500FAE334 /* Info.plist */ = {isa = PBXFileReference; lastKnownFileType = text.plist.xml; path = Info.plist; sourceTree = "<group>"; };
		275D26611E52688500FAE334 /* BottlesOfOOPSwiftTests.xctest */ = {isa = PBXFileReference; explicitFileType = wrapper.cfbundle; includeInIndex = 0; path = BottlesOfOOPSwiftTests.xctest; sourceTree = BUILT_PRODUCTS_DIR; };
		275D26651E52688500FAE334 /* BottlesOfOOPSwiftTests.swift */ = {isa = PBXFileReference; lastKnownFileType = sourcecode.swift; path = BottlesOfOOPSwiftTests.swift; sourceTree = "<group>"; };
		275D26671E52688500FAE334 /* Info.plist */ = {isa = PBXFileReference; lastKnownFileType = text.plist.xml; path = Info.plist; sourceTree = "<group>"; };
		275D26701E52693E00FAE334 /* Bottles.swift */ = {isa = PBXFileReference; fileEncoding = 4; lastKnownFileType = sourcecode.swift; path = Bottles.swift; sourceTree = "<group>"; };
		275D26721E52772100FAE334 /* AppDelegate.swift */ = {isa = PBXFileReference; fileEncoding = 4; lastKnownFileType = sourcecode.swift; path = AppDelegate.swift; sourceTree = "<group>"; };
		275D26731E52772100FAE334 /* ViewController.swift */ = {isa = PBXFileReference; fileEncoding = 4; lastKnownFileType = sourcecode.swift; path = ViewController.swift; sourceTree = "<group>"; };
		275D26761E52774E00FAE334 /* Assets.xcassets */ = {isa = PBXFileReference; lastKnownFileType = folder.assetcatalog; path = Assets.xcassets; sourceTree = "<group>"; };
		275D26791E52774E00FAE334 /* Base */ = {isa = PBXFileReference; lastKnownFileType = file.storyboard; name = Base; path = LaunchScreen.storyboard; sourceTree = "<group>"; };
		275D267B1E52774E00FAE334 /* Base */ = {isa = PBXFileReference; lastKnownFileType = file.storyboard; name = Base; path = Main.storyboard; sourceTree = "<group>"; };
/* End PBXFileReference section */

/* Begin PBXFrameworksBuildPhase section */
		275D264A1E52688500FAE334 /* Frameworks */ = {
			isa = PBXFrameworksBuildPhase;
			buildActionMask = 2147483647;
			files = (
			);
			runOnlyForDeploymentPostprocessing = 0;
		};
		275D265E1E52688500FAE334 /* Frameworks */ = {
			isa = PBXFrameworksBuildPhase;
			buildActionMask = 2147483647;
			files = (
			);
			runOnlyForDeploymentPostprocessing = 0;
		};
/* End PBXFrameworksBuildPhase section */

/* Begin PBXGroup section */
		275D26441E52688500FAE334 = {
			isa = PBXGroup;
			children = (
				275D264F1E52688500FAE334 /* BottlesOfOOPSwift */,
				275D26641E52688500FAE334 /* BottlesOfOOPSwiftTests */,
				275D264E1E52688500FAE334 /* Products */,
			);
			sourceTree = "<group>";
		};
		275D264E1E52688500FAE334 /* Products */ = {
			isa = PBXGroup;
			children = (
				275D264D1E52688500FAE334 /* BottlesOfOOPSwift.app */,
				275D26611E52688500FAE334 /* BottlesOfOOPSwiftTests.xctest */,
			);
			name = Products;
			sourceTree = "<group>";
		};
		275D264F1E52688500FAE334 /* BottlesOfOOPSwift */ = {
			isa = PBXGroup;
			children = (
				275D26721E52772100FAE334 /* AppDelegate.swift */,
				275D26731E52772100FAE334 /* ViewController.swift */,
				275D265C1E52688500FAE334 /* Info.plist */,
				275D26701E52693E00FAE334 /* Bottles.swift */,
				275D26761E52774E00FAE334 /* Assets.xcassets */,
				275D26771E52774E00FAE334 /* Base.lproj */,
			);
			path = BottlesOfOOPSwift;
			sourceTree = "<group>";
		};
		275D26641E52688500FAE334 /* BottlesOfOOPSwiftTests */ = {
			isa = PBXGroup;
			children = (
				275D26651E52688500FAE334 /* BottlesOfOOPSwiftTests.swift */,
				275D26671E52688500FAE334 /* Info.plist */,
			);
			path = BottlesOfOOPSwiftTests;
			sourceTree = "<group>";
		};
		275D26771E52774E00FAE334 /* Base.lproj */ = {
			isa = PBXGroup;
			children = (
				275D26781E52774E00FAE334 /* LaunchScreen.storyboard */,
				275D267A1E52774E00FAE334 /* Main.storyboard */,
			);
			path = Base.lproj;
			sourceTree = "<group>";
		};
/* End PBXGroup section */

/* Begin PBXNativeTarget section */
		275D264C1E52688500FAE334 /* BottlesOfOOPSwift */ = {
			isa = PBXNativeTarget;
			buildConfigurationList = 275D266A1E52688500FAE334 /* Build configuration list for PBXNativeTarget "BottlesOfOOPSwift" */;
			buildPhases = (
				275D26491E52688500FAE334 /* Sources */,
				275D264A1E52688500FAE334 /* Frameworks */,
				275D264B1E52688500FAE334 /* Resources */,
			);
			buildRules = (
			);
			dependencies = (
			);
			name = BottlesOfOOPSwift;
			productName = BottlesOfOOPSwift;
			productReference = 275D264D1E52688500FAE334 /* BottlesOfOOPSwift.app */;
			productType = "com.apple.product-type.application";
		};
		275D26601E52688500FAE334 /* BottlesOfOOPSwiftTests */ = {
			isa = PBXNativeTarget;
			buildConfigurationList = 275D266D1E52688500FAE334 /* Build configuration list for PBXNativeTarget "BottlesOfOOPSwiftTests" */;
			buildPhases = (
				275D265D1E52688500FAE334 /* Sources */,
				275D265E1E52688500FAE334 /* Frameworks */,
				275D265F1E52688500FAE334 /* Resources */,
			);
			buildRules = (
			);
			dependencies = (
				275D26631E52688500FAE334 /* PBXTargetDependency */,
			);
			name = BottlesOfOOPSwiftTests;
			productName = BottlesOfOOPSwiftTests;
			productReference = 275D26611E52688500FAE334 /* BottlesOfOOPSwiftTests.xctest */;
			productType = "com.apple.product-type.bundle.unit-test";
		};
/* End PBXNativeTarget section */

/* Begin PBXProject section */
		275D26451E52688500FAE334 /* Project object */ = {
			isa = PBXProject;
			attributes = {
				LastSwiftUpdateCheck = 0820;
				LastUpgradeCheck = 0820;
				ORGANIZATIONNAME = Joesus;
				TargetAttributes = {
					275D264C1E52688500FAE334 = {
						CreatedOnToolsVersion = 8.2.1;
						DevelopmentTeam = NEL58AT86X;
						ProvisioningStyle = Automatic;
					};
					275D26601E52688500FAE334 = {
						CreatedOnToolsVersion = 8.2.1;
						DevelopmentTeam = NEL58AT86X;
						ProvisioningStyle = Automatic;
						TestTargetID = 275D264C1E52688500FAE334;
					};
				};
			};
			buildConfigurationList = 275D26481E52688500FAE334 /* Build configuration list for PBXProject "BottlesOfOOPSwift" */;
			compatibilityVersion = "Xcode 3.2";
			developmentRegion = English;
			hasScannedForEncodings = 0;
			knownRegions = (
				en,
				Base,
			);
			mainGroup = 275D26441E52688500FAE334;
			productRefGroup = 275D264E1E52688500FAE334 /* Products */;
			projectDirPath = "";
			projectRoot = "";
			targets = (
				275D264C1E52688500FAE334 /* BottlesOfOOPSwift */,
				275D26601E52688500FAE334 /* BottlesOfOOPSwiftTests */,
			);
		};
/* End PBXProject section */

/* Begin PBXResourcesBuildPhase section */
		275D264B1E52688500FAE334 /* Resources */ = {
			isa = PBXResourcesBuildPhase;
			buildActionMask = 2147483647;
			files = (
				275D267E1E52774E00FAE334 /* Main.storyboard in Resources */,
				275D267C1E52774E00FAE334 /* Assets.xcassets in Resources */,
				275D267D1E52774E00FAE334 /* LaunchScreen.storyboard in Resources */,
			);
			runOnlyForDeploymentPostprocessing = 0;
		};
		275D265F1E52688500FAE334 /* Resources */ = {
			isa = PBXResourcesBuildPhase;
			buildActionMask = 2147483647;
			files = (
			);
			runOnlyForDeploymentPostprocessing = 0;
		};
/* End PBXResourcesBuildPhase section */

/* Begin PBXSourcesBuildPhase section */
		275D26491E52688500FAE334 /* Sources */ = {
			isa = PBXSourcesBuildPhase;
			buildActionMask = 2147483647;
			files = (
				275D26751E52772100FAE334 /* ViewController.swift in Sources */,
				275D26741E52772100FAE334 /* AppDelegate.swift in Sources */,
				275D26711E52693E00FAE334 /* Bottles.swift in Sources */,
			);
			runOnlyForDeploymentPostprocessing = 0;
		};
		275D265D1E52688500FAE334 /* Sources */ = {
			isa = PBXSourcesBuildPhase;
			buildActionMask = 2147483647;
			files = (
				275D26661E52688500FAE334 /* BottlesOfOOPSwiftTests.swift in Sources */,
			);
			runOnlyForDeploymentPostprocessing = 0;
		};
/* End PBXSourcesBuildPhase section */

/* Begin PBXTargetDependency section */
		275D26631E52688500FAE334 /* PBXTargetDependency */ = {
			isa = PBXTargetDependency;
			target = 275D264C1E52688500FAE334 /* BottlesOfOOPSwift */;
			targetProxy = 275D26621E52688500FAE334 /* PBXContainerItemProxy */;
		};
/* End PBXTargetDependency section */

/* Begin PBXVariantGroup section */
		275D26781E52774E00FAE334 /* LaunchScreen.storyboard */ = {
			isa = PBXVariantGroup;
			children = (
				275D26791E52774E00FAE334 /* Base */,
			);
			name = LaunchScreen.storyboard;
			sourceTree = "<group>";
		};
		275D267A1E52774E00FAE334 /* Main.storyboard */ = {
			isa = PBXVariantGroup;
			children = (
				275D267B1E52774E00FAE334 /* Base */,
			);
			name = Main.storyboard;
			sourceTree = "<group>";
		};
/* End PBXVariantGroup section */

/* Begin XCBuildConfiguration section */
		275D26681E52688500FAE334 /* Debug */ = {
			isa = XCBuildConfiguration;
			buildSettings = {
				ALWAYS_SEARCH_USER_PATHS = NO;
				CLANG_ANALYZER_NONNULL = YES;
				CLANG_CXX_LANGUAGE_STANDARD = "gnu++0x";
				CLANG_CXX_LIBRARY = "libc++";
				CLANG_ENABLE_MODULES = YES;
				CLANG_ENABLE_OBJC_ARC = YES;
				CLANG_WARN_BOOL_CONVERSION = YES;
				CLANG_WARN_CONSTANT_CONVERSION = YES;
				CLANG_WARN_DIRECT_OBJC_ISA_USAGE = YES_ERROR;
				CLANG_WARN_DOCUMENTATION_COMMENTS = YES;
				CLANG_WARN_EMPTY_BODY = YES;
				CLANG_WARN_ENUM_CONVERSION = YES;
				CLANG_WARN_INFINITE_RECURSION = YES;
				CLANG_WARN_INT_CONVERSION = YES;
				CLANG_WARN_OBJC_ROOT_CLASS = YES_ERROR;
				CLANG_WARN_SUSPICIOUS_MOVE = YES;
				CLANG_WARN_UNREACHABLE_CODE = YES;
				CLANG_WARN__DUPLICATE_METHOD_MATCH = YES;
				"CODE_SIGN_IDENTITY[sdk=iphoneos*]" = "iPhone Developer";
				COPY_PHASE_STRIP = NO;
				DEBUG_INFORMATION_FORMAT = dwarf;
				ENABLE_STRICT_OBJC_MSGSEND = YES;
				ENABLE_TESTABILITY = YES;
				GCC_C_LANGUAGE_STANDARD = gnu99;
				GCC_DYNAMIC_NO_PIC = NO;
				GCC_NO_COMMON_BLOCKS = YES;
				GCC_OPTIMIZATION_LEVEL = 0;
				GCC_PREPROCESSOR_DEFINITIONS = (
					"DEBUG=1",
					"$(inherited)",
				);
				GCC_WARN_64_TO_32_BIT_CONVERSION = YES;
				GCC_WARN_ABOUT_RETURN_TYPE = YES_ERROR;
				GCC_WARN_UNDECLARED_SELECTOR = YES;
				GCC_WARN_UNINITIALIZED_AUTOS = YES_AGGRESSIVE;
				GCC_WARN_UNUSED_FUNCTION = YES;
				GCC_WARN_UNUSED_VARIABLE = YES;
				IPHONEOS_DEPLOYMENT_TARGET = 10.2;
				MTL_ENABLE_DEBUG_INFO = YES;
				ONLY_ACTIVE_ARCH = YES;
				SDKROOT = iphoneos;
				SWIFT_ACTIVE_COMPILATION_CONDITIONS = DEBUG;
				SWIFT_OPTIMIZATION_LEVEL = "-Onone";
				TARGETED_DEVICE_FAMILY = "1,2";
			};
			name = Debug;
		};
		275D26691E52688500FAE334 /* Release */ = {
			isa = XCBuildConfiguration;
			buildSettings = {
				ALWAYS_SEARCH_USER_PATHS = NO;
				CLANG_ANALYZER_NONNULL = YES;
				CLANG_CXX_LANGUAGE_STANDARD = "gnu++0x";
				CLANG_CXX_LIBRARY = "libc++";
				CLANG_ENABLE_MODULES = YES;
				CLANG_ENABLE_OBJC_ARC = YES;
				CLANG_WARN_BOOL_CONVERSION = YES;
				CLANG_WARN_CONSTANT_CONVERSION = YES;
				CLANG_WARN_DIRECT_OBJC_ISA_USAGE = YES_ERROR;
				CLANG_WARN_DOCUMENTATION_COMMENTS = YES;
				CLANG_WARN_EMPTY_BODY = YES;
				CLANG_WARN_ENUM_CONVERSION = YES;
				CLANG_WARN_INFINITE_RECURSION = YES;
				CLANG_WARN_INT_CONVERSION = YES;
				CLANG_WARN_OBJC_ROOT_CLASS = YES_ERROR;
				CLANG_WARN_SUSPICIOUS_MOVE = YES;
				CLANG_WARN_UNREACHABLE_CODE = YES;
				CLANG_WARN__DUPLICATE_METHOD_MATCH = YES;
				"CODE_SIGN_IDENTITY[sdk=iphoneos*]" = "iPhone Developer";
				COPY_PHASE_STRIP = NO;
				DEBUG_INFORMATION_FORMAT = "dwarf-with-dsym";
				ENABLE_NS_ASSERTIONS = NO;
				ENABLE_STRICT_OBJC_MSGSEND = YES;
				GCC_C_LANGUAGE_STANDARD = gnu99;
				GCC_NO_COMMON_BLOCKS = YES;
				GCC_WARN_64_TO_32_BIT_CONVERSION = YES;
				GCC_WARN_ABOUT_RETURN_TYPE = YES_ERROR;
				GCC_WARN_UNDECLARED_SELECTOR = YES;
				GCC_WARN_UNINITIALIZED_AUTOS = YES_AGGRESSIVE;
				GCC_WARN_UNUSED_FUNCTION = YES;
				GCC_WARN_UNUSED_VARIABLE = YES;
				IPHONEOS_DEPLOYMENT_TARGET = 10.2;
				MTL_ENABLE_DEBUG_INFO = NO;
				SDKROOT = iphoneos;
				SWIFT_OPTIMIZATION_LEVEL = "-Owholemodule";
				TARGETED_DEVICE_FAMILY = "1,2";
				VALIDATE_PRODUCT = YES;
			};
			name = Release;
		};
		275D266B1E52688500FAE334 /* Debug */ = {
			isa = XCBuildConfiguration;
			buildSettings = {
				DEVELOPMENT_TEAM = NEL58AT86X;
				INFOPLIST_FILE = BottlesOfOOPSwift/Info.plist;
				LD_RUNPATH_SEARCH_PATHS = "$(inherited) @executable_path/Frameworks";
				PRODUCT_BUNDLE_IDENTIFIER = com.joesus.BottlesOfOOPSwift;
				PRODUCT_NAME = "$(TARGET_NAME)";
				SWIFT_VERSION = 3.0;
			};
			name = Debug;
		};
		275D266C1E52688500FAE334 /* Release */ = {
			isa = XCBuildConfiguration;
			buildSettings = {
				DEVELOPMENT_TEAM = NEL58AT86X;
				INFOPLIST_FILE = BottlesOfOOPSwift/Info.plist;
				LD_RUNPATH_SEARCH_PATHS = "$(inherited) @executable_path/Frameworks";
				PRODUCT_BUNDLE_IDENTIFIER = com.joesus.BottlesOfOOPSwift;
				PRODUCT_NAME = "$(TARGET_NAME)";
				SWIFT_VERSION = 3.0;
			};
			name = Release;
		};
		275D266E1E52688500FAE334 /* Debug */ = {
			isa = XCBuildConfiguration;
			buildSettings = {
				ALWAYS_EMBED_SWIFT_STANDARD_LIBRARIES = YES;
				BUNDLE_LOADER = "$(TEST_HOST)";
				DEVELOPMENT_TEAM = NEL58AT86X;
				INFOPLIST_FILE = BottlesOfOOPSwiftTests/Info.plist;
				LD_RUNPATH_SEARCH_PATHS = "$(inherited) @executable_path/Frameworks @loader_path/Frameworks";
				PRODUCT_BUNDLE_IDENTIFIER = com.joesus.BottlesOfOOPSwiftTests;
				PRODUCT_NAME = "$(TARGET_NAME)";
				SWIFT_VERSION = 3.0;
				TEST_HOST = "$(BUILT_PRODUCTS_DIR)/BottlesOfOOPSwift.app/BottlesOfOOPSwift";
			};
			name = Debug;
		};
		275D266F1E52688500FAE334 /* Release */ = {
			isa = XCBuildConfiguration;
			buildSettings = {
				ALWAYS_EMBED_SWIFT_STANDARD_LIBRARIES = YES;
				BUNDLE_LOADER = "$(TEST_HOST)";
				DEVELOPMENT_TEAM = NEL58AT86X;
				INFOPLIST_FILE = BottlesOfOOPSwiftTests/Info.plist;
				LD_RUNPATH_SEARCH_PATHS = "$(inherited) @executable_path/Frameworks @loader_path/Frameworks";
				PRODUCT_BUNDLE_IDENTIFIER = com.joesus.BottlesOfOOPSwiftTests;
				PRODUCT_NAME = "$(TARGET_NAME)";
				SWIFT_VERSION = 3.0;
				TEST_HOST = "$(BUILT_PRODUCTS_DIR)/BottlesOfOOPSwift.app/BottlesOfOOPSwift";
			};
			name = Release;
		};
/* End XCBuildConfiguration section */

/* Begin XCConfigurationList section */
		275D26481E52688500FAE334 /* Build configuration list for PBXProject "BottlesOfOOPSwift" */ = {
			isa = XCConfigurationList;
			buildConfigurations = (
				275D26681E52688500FAE334 /* Debug */,
				275D26691E52688500FAE334 /* Release */,
			);
			defaultConfigurationIsVisible = 0;
			defaultConfigurationName = Release;
		};
		275D266A1E52688500FAE334 /* Build configuration list for PBXNativeTarget "BottlesOfOOPSwift" */ = {
			isa = XCConfigurationList;
			buildConfigurations = (
				275D266B1E52688500FAE334 /* Debug */,
				275D266C1E52688500FAE334 /* Release */,
			);
			defaultConfigurationIsVisible = 0;
		};
		275D266D1E52688500FAE334 /* Build configuration list for PBXNativeTarget "BottlesOfOOPSwiftTests" */ = {
			isa = XCConfigurationList;
			buildConfigurations = (
				275D266E1E52688500FAE334 /* Debug */,
				275D266F1E52688500FAE334 /* Release */,
			);
			defaultConfigurationIsVisible = 0;
		};
/* End XCConfigurationList section */
	};
	rootObject = 275D26451E52688500FAE334 /* Project object */;
}
